// !$*UTF8*$!
{
	archiveVersion = 1;
	classes = {
	};
	objectVersion = 46;
	objects = {

/* Begin PBXBuildFile section */
		9F656E7A1C8BC20A00D27A97 /* main.m in Sources */ = {isa = PBXBuildFile; fileRef = 9F656E791C8BC20A00D27A97 /* main.m */; };
		9F656E7D1C8BC20A00D27A97 /* AppDelegate.m in Sources */ = {isa = PBXBuildFile; fileRef = 9F656E7C1C8BC20A00D27A97 /* AppDelegate.m */; };
		9F656E831C8BC20A00D27A97 /* Main.storyboard in Resources */ = {isa = PBXBuildFile; fileRef = 9F656E811C8BC20A00D27A97 /* Main.storyboard */; };
		9F656E851C8BC20A00D27A97 /* Assets.xcassets in Resources */ = {isa = PBXBuildFile; fileRef = 9F656E841C8BC20A00D27A97 /* Assets.xcassets */; };
		9F656E881C8BC20A00D27A97 /* LaunchScreen.storyboard in Resources */ = {isa = PBXBuildFile; fileRef = 9F656E861C8BC20A00D27A97 /* LaunchScreen.storyboard */; };
		9F656E931C8BC20A00D27A97 /* OC_PhotosTests.m in Sources */ = {isa = PBXBuildFile; fileRef = 9F656E921C8BC20A00D27A97 /* OC_PhotosTests.m */; };
		9F656E9E1C8BC20A00D27A97 /* OC_PhotosUITests.m in Sources */ = {isa = PBXBuildFile; fileRef = 9F656E9D1C8BC20A00D27A97 /* OC_PhotosUITests.m */; };
		9F656EE71C8BC2C900D27A97 /* AlbumListViewController.m in Sources */ = {isa = PBXBuildFile; fileRef = 9F656EE61C8BC2C900D27A97 /* AlbumListViewController.m */; };
		9F656EEA1C8BD61C00D27A97 /* AlbumCollectionViewController.m in Sources */ = {isa = PBXBuildFile; fileRef = 9F656EE91C8BD61C00D27A97 /* AlbumCollectionViewController.m */; };
		9F656F331C8BF3EC00D27A97 /* PhotoCollectionViewCell.m in Sources */ = {isa = PBXBuildFile; fileRef = 9F656F321C8BF3EC00D27A97 /* PhotoCollectionViewCell.m */; };
/* End PBXBuildFile section */

/* Begin PBXContainerItemProxy section */
		9F656E8F1C8BC20A00D27A97 /* PBXContainerItemProxy */ = {
			isa = PBXContainerItemProxy;
			containerPortal = 9F656E6D1C8BC20A00D27A97 /* Project object */;
			proxyType = 1;
			remoteGlobalIDString = 9F656E741C8BC20A00D27A97;
			remoteInfo = OC_Photos;
		};
		9F656E9A1C8BC20A00D27A97 /* PBXContainerItemProxy */ = {
			isa = PBXContainerItemProxy;
			containerPortal = 9F656E6D1C8BC20A00D27A97 /* Project object */;
			proxyType = 1;
			remoteGlobalIDString = 9F656E741C8BC20A00D27A97;
			remoteInfo = OC_Photos;
		};
/* End PBXContainerItemProxy section */

/* Begin PBXFileReference section */
		9F656E751C8BC20A00D27A97 /* OC_Photos.app */ = {isa = PBXFileReference; explicitFileType = wrapper.application; includeInIndex = 0; path = OC_Photos.app; sourceTree = BUILT_PRODUCTS_DIR; };
		9F656E791C8BC20A00D27A97 /* main.m */ = {isa = PBXFileReference; lastKnownFileType = sourcecode.c.objc; path = main.m; sourceTree = "<group>"; };
		9F656E7B1C8BC20A00D27A97 /* AppDelegate.h */ = {isa = PBXFileReference; lastKnownFileType = sourcecode.c.h; path = AppDelegate.h; sourceTree = "<group>"; };
		9F656E7C1C8BC20A00D27A97 /* AppDelegate.m */ = {isa = PBXFileReference; lastKnownFileType = sourcecode.c.objc; path = AppDelegate.m; sourceTree = "<group>"; };
		9F656E821C8BC20A00D27A97 /* Base */ = {isa = PBXFileReference; lastKnownFileType = file.storyboard; name = Base; path = Base.lproj/Main.storyboard; sourceTree = "<group>"; };
		9F656E841C8BC20A00D27A97 /* Assets.xcassets */ = {isa = PBXFileReference; lastKnownFileType = folder.assetcatalog; path = Assets.xcassets; sourceTree = "<group>"; };
		9F656E871C8BC20A00D27A97 /* Base */ = {isa = PBXFileReference; lastKnownFileType = file.storyboard; name = Base; path = Base.lproj/LaunchScreen.storyboard; sourceTree = "<group>"; };
		9F656E891C8BC20A00D27A97 /* Info.plist */ = {isa = PBXFileReference; lastKnownFileType = text.plist.xml; path = Info.plist; sourceTree = "<group>"; };
		9F656E8E1C8BC20A00D27A97 /* OC_PhotosTests.xctest */ = {isa = PBXFileReference; explicitFileType = wrapper.cfbundle; includeInIndex = 0; path = OC_PhotosTests.xctest; sourceTree = BUILT_PRODUCTS_DIR; };
		9F656E921C8BC20A00D27A97 /* OC_PhotosTests.m */ = {isa = PBXFileReference; lastKnownFileType = sourcecode.c.objc; path = OC_PhotosTests.m; sourceTree = "<group>"; };
		9F656E941C8BC20A00D27A97 /* Info.plist */ = {isa = PBXFileReference; lastKnownFileType = text.plist.xml; path = Info.plist; sourceTree = "<group>"; };
		9F656E991C8BC20A00D27A97 /* OC_PhotosUITests.xctest */ = {isa = PBXFileReference; explicitFileType = wrapper.cfbundle; includeInIndex = 0; path = OC_PhotosUITests.xctest; sourceTree = BUILT_PRODUCTS_DIR; };
		9F656E9D1C8BC20A00D27A97 /* OC_PhotosUITests.m */ = {isa = PBXFileReference; lastKnownFileType = sourcecode.c.objc; path = OC_PhotosUITests.m; sourceTree = "<group>"; };
		9F656E9F1C8BC20A00D27A97 /* Info.plist */ = {isa = PBXFileReference; lastKnownFileType = text.plist.xml; path = Info.plist; sourceTree = "<group>"; };
		9F656EE51C8BC2C900D27A97 /* AlbumListViewController.h */ = {isa = PBXFileReference; fileEncoding = 4; lastKnownFileType = sourcecode.c.h; path = AlbumListViewController.h; sourceTree = "<group>"; };
		9F656EE61C8BC2C900D27A97 /* AlbumListViewController.m */ = {isa = PBXFileReference; fileEncoding = 4; lastKnownFileType = sourcecode.c.objc; path = AlbumListViewController.m; sourceTree = "<group>"; };
		9F656EE81C8BD61C00D27A97 /* AlbumCollectionViewController.h */ = {isa = PBXFileReference; fileEncoding = 4; lastKnownFileType = sourcecode.c.h; path = AlbumCollectionViewController.h; sourceTree = "<group>"; };
		9F656EE91C8BD61C00D27A97 /* AlbumCollectionViewController.m */ = {isa = PBXFileReference; fileEncoding = 4; lastKnownFileType = sourcecode.c.objc; path = AlbumCollectionViewController.m; sourceTree = "<group>"; };
		9F656F301C8BEDD600D27A97 /* Header.h */ = {isa = PBXFileReference; fileEncoding = 4; lastKnownFileType = sourcecode.c.h; path = Header.h; sourceTree = "<group>"; };
		9F656F311C8BF3EC00D27A97 /* PhotoCollectionViewCell.h */ = {isa = PBXFileReference; fileEncoding = 4; lastKnownFileType = sourcecode.c.h; path = PhotoCollectionViewCell.h; sourceTree = "<group>"; };
		9F656F321C8BF3EC00D27A97 /* PhotoCollectionViewCell.m */ = {isa = PBXFileReference; fileEncoding = 4; lastKnownFileType = sourcecode.c.objc; path = PhotoCollectionViewCell.m; sourceTree = "<group>"; };
/* End PBXFileReference section */

/* Begin PBXFrameworksBuildPhase section */
		9F656E721C8BC20A00D27A97 /* Frameworks */ = {
			isa = PBXFrameworksBuildPhase;
			buildActionMask = 2147483647;
			files = (
			);
			runOnlyForDeploymentPostprocessing = 0;
		};
		9F656E8B1C8BC20A00D27A97 /* Frameworks */ = {
			isa = PBXFrameworksBuildPhase;
			buildActionMask = 2147483647;
			files = (
			);
			runOnlyForDeploymentPostprocessing = 0;
		};
		9F656E961C8BC20A00D27A97 /* Frameworks */ = {
			isa = PBXFrameworksBuildPhase;
			buildActionMask = 2147483647;
			files = (
			);
			runOnlyForDeploymentPostprocessing = 0;
		};
/* End PBXFrameworksBuildPhase section */

/* Begin PBXGroup section */
		9F656E6C1C8BC20A00D27A97 = {
			isa = PBXGroup;
			children = (
				9F656E771C8BC20A00D27A97 /* OC_Photos */,
				9F656E911C8BC20A00D27A97 /* OC_PhotosTests */,
				9F656E9C1C8BC20A00D27A97 /* OC_PhotosUITests */,
				9F656E761C8BC20A00D27A97 /* Products */,
			);
			sourceTree = "<group>";
		};
		9F656E761C8BC20A00D27A97 /* Products */ = {
			isa = PBXGroup;
			children = (
				9F656E751C8BC20A00D27A97 /* OC_Photos.app */,
				9F656E8E1C8BC20A00D27A97 /* OC_PhotosTests.xctest */,
				9F656E991C8BC20A00D27A97 /* OC_PhotosUITests.xctest */,
			);
			name = Products;
			sourceTree = "<group>";
		};
		9F656E771C8BC20A00D27A97 /* OC_Photos */ = {
			isa = PBXGroup;
			children = (
				9F656E7B1C8BC20A00D27A97 /* AppDelegate.h */,
				9F656E7C1C8BC20A00D27A97 /* AppDelegate.m */,
				9F656EE51C8BC2C900D27A97 /* AlbumListViewController.h */,
				9F656EE61C8BC2C900D27A97 /* AlbumListViewController.m */,
				9F656EE81C8BD61C00D27A97 /* AlbumCollectionViewController.h */,
				9F656EE91C8BD61C00D27A97 /* AlbumCollectionViewController.m */,
				9F656F311C8BF3EC00D27A97 /* PhotoCollectionViewCell.h */,
				9F656F321C8BF3EC00D27A97 /* PhotoCollectionViewCell.m */,
				9F656F301C8BEDD600D27A97 /* Header.h */,
				9F656E811C8BC20A00D27A97 /* Main.storyboard */,
				9F656E841C8BC20A00D27A97 /* Assets.xcassets */,
				9F656E861C8BC20A00D27A97 /* LaunchScreen.storyboard */,
				9F656E891C8BC20A00D27A97 /* Info.plist */,
				9F656E781C8BC20A00D27A97 /* Supporting Files */,
			);
			path = OC_Photos;
			sourceTree = "<group>";
		};
		9F656E781C8BC20A00D27A97 /* Supporting Files */ = {
			isa = PBXGroup;
			children = (
				9F656E791C8BC20A00D27A97 /* main.m */,
			);
			name = "Supporting Files";
			sourceTree = "<group>";
		};
		9F656E911C8BC20A00D27A97 /* OC_PhotosTests */ = {
			isa = PBXGroup;
			children = (
				9F656E921C8BC20A00D27A97 /* OC_PhotosTests.m */,
				9F656E941C8BC20A00D27A97 /* Info.plist */,
			);
			path = OC_PhotosTests;
			sourceTree = "<group>";
		};
		9F656E9C1C8BC20A00D27A97 /* OC_PhotosUITests */ = {
			isa = PBXGroup;
			children = (
				9F656E9D1C8BC20A00D27A97 /* OC_PhotosUITests.m */,
				9F656E9F1C8BC20A00D27A97 /* Info.plist */,
			);
			path = OC_PhotosUITests;
			sourceTree = "<group>";
		};
/* End PBXGroup section */

/* Begin PBXNativeTarget section */
		9F656E741C8BC20A00D27A97 /* OC_Photos */ = {
			isa = PBXNativeTarget;
			buildConfigurationList = 9F656EA21C8BC20A00D27A97 /* Build configuration list for PBXNativeTarget "OC_Photos" */;
			buildPhases = (
				9F656E711C8BC20A00D27A97 /* Sources */,
				9F656E721C8BC20A00D27A97 /* Frameworks */,
				9F656E731C8BC20A00D27A97 /* Resources */,
			);
			buildRules = (
			);
			dependencies = (
			);
			name = OC_Photos;
			productName = OC_Photos;
			productReference = 9F656E751C8BC20A00D27A97 /* OC_Photos.app */;
			productType = "com.apple.product-type.application";
		};
		9F656E8D1C8BC20A00D27A97 /* OC_PhotosTests */ = {
			isa = PBXNativeTarget;
			buildConfigurationList = 9F656EA51C8BC20A00D27A97 /* Build configuration list for PBXNativeTarget "OC_PhotosTests" */;
			buildPhases = (
				9F656E8A1C8BC20A00D27A97 /* Sources */,
				9F656E8B1C8BC20A00D27A97 /* Frameworks */,
				9F656E8C1C8BC20A00D27A97 /* Resources */,
			);
			buildRules = (
			);
			dependencies = (
				9F656E901C8BC20A00D27A97 /* PBXTargetDependency */,
			);
			name = OC_PhotosTests;
			productName = OC_PhotosTests;
			productReference = 9F656E8E1C8BC20A00D27A97 /* OC_PhotosTests.xctest */;
			productType = "com.apple.product-type.bundle.unit-test";
		};
		9F656E981C8BC20A00D27A97 /* OC_PhotosUITests */ = {
			isa = PBXNativeTarget;
			buildConfigurationList = 9F656EA81C8BC20A00D27A97 /* Build configuration list for PBXNativeTarget "OC_PhotosUITests" */;
			buildPhases = (
				9F656E951C8BC20A00D27A97 /* Sources */,
				9F656E961C8BC20A00D27A97 /* Frameworks */,
				9F656E971C8BC20A00D27A97 /* Resources */,
			);
			buildRules = (
			);
			dependencies = (
				9F656E9B1C8BC20A00D27A97 /* PBXTargetDependency */,
			);
			name = OC_PhotosUITests;
			productName = OC_PhotosUITests;
			productReference = 9F656E991C8BC20A00D27A97 /* OC_PhotosUITests.xctest */;
			productType = "com.apple.product-type.bundle.ui-testing";
		};
/* End PBXNativeTarget section */

/* Begin PBXProject section */
		9F656E6D1C8BC20A00D27A97 /* Project object */ = {
			isa = PBXProject;
			attributes = {
				LastUpgradeCheck = 0720;
				ORGANIZATIONNAME = LQB;
				TargetAttributes = {
					9F656E741C8BC20A00D27A97 = {
						CreatedOnToolsVersion = 7.2;
					};
					9F656E8D1C8BC20A00D27A97 = {
						CreatedOnToolsVersion = 7.2;
						TestTargetID = 9F656E741C8BC20A00D27A97;
					};
					9F656E981C8BC20A00D27A97 = {
						CreatedOnToolsVersion = 7.2;
						TestTargetID = 9F656E741C8BC20A00D27A97;
					};
				};
			};
			buildConfigurationList = 9F656E701C8BC20A00D27A97 /* Build configuration list for PBXProject "OC_Photos" */;
			compatibilityVersion = "Xcode 3.2";
			developmentRegion = English;
			hasScannedForEncodings = 0;
			knownRegions = (
				en,
				Base,
			);
			mainGroup = 9F656E6C1C8BC20A00D27A97;
			productRefGroup = 9F656E761C8BC20A00D27A97 /* Products */;
			projectDirPath = "";
			projectRoot = "";
			targets = (
				9F656E741C8BC20A00D27A97 /* OC_Photos */,
				9F656E8D1C8BC20A00D27A97 /* OC_PhotosTests */,
				9F656E981C8BC20A00D27A97 /* OC_PhotosUITests */,
			);
		};
/* End PBXProject section */

/* Begin PBXResourcesBuildPhase section */
		9F656E731C8BC20A00D27A97 /* Resources */ = {
			isa = PBXResourcesBuildPhase;
			buildActionMask = 2147483647;
			files = (
				9F656E881C8BC20A00D27A97 /* LaunchScreen.storyboard in Resources */,
				9F656E851C8BC20A00D27A97 /* Assets.xcassets in Resources */,
				9F656E831C8BC20A00D27A97 /* Main.storyboard in Resources */,
			);
			runOnlyForDeploymentPostprocessing = 0;
		};
		9F656E8C1C8BC20A00D27A97 /* Resources */ = {
			isa = PBXResourcesBuildPhase;
			buildActionMask = 2147483647;
			files = (
			);
			runOnlyForDeploymentPostprocessing = 0;
		};
		9F656E971C8BC20A00D27A97 /* Resources */ = {
			isa = PBXResourcesBuildPhase;
			buildActionMask = 2147483647;
			files = (
			);
			runOnlyForDeploymentPostprocessing = 0;
		};
/* End PBXResourcesBuildPhase section */

/* Begin PBXSourcesBuildPhase section */
		9F656E711C8BC20A00D27A97 /* Sources */ = {
			isa = PBXSourcesBuildPhase;
			buildActionMask = 2147483647;
			files = (
				9F656EE71C8BC2C900D27A97 /* AlbumListViewController.m in Sources */,
				9F656E7D1C8BC20A00D27A97 /* AppDelegate.m in Sources */,
				9F656EEA1C8BD61C00D27A97 /* AlbumCollectionViewController.m in Sources */,
				9F656F331C8BF3EC00D27A97 /* PhotoCollectionViewCell.m in Sources */,
				9F656E7A1C8BC20A00D27A97 /* main.m in Sources */,
			);
			runOnlyForDeploymentPostprocessing = 0;
		};
		9F656E8A1C8BC20A00D27A97 /* Sources */ = {
			isa = PBXSourcesBuildPhase;
			buildActionMask = 2147483647;
			files = (
				9F656E931C8BC20A00D27A97 /* OC_PhotosTests.m in Sources */,
			);
			runOnlyForDeploymentPostprocessing = 0;
		};
		9F656E951C8BC20A00D27A97 /* Sources */ = {
			isa = PBXSourcesBuildPhase;
			buildActionMask = 2147483647;
			files = (
				9F656E9E1C8BC20A00D27A97 /* OC_PhotosUITests.m in Sources */,
			);
			runOnlyForDeploymentPostprocessing = 0;
		};
/* End PBXSourcesBuildPhase section */

/* Begin PBXTargetDependency section */
		9F656E901C8BC20A00D27A97 /* PBXTargetDependency */ = {
			isa = PBXTargetDependency;
			target = 9F656E741C8BC20A00D27A97 /* OC_Photos */;
			targetProxy = 9F656E8F1C8BC20A00D27A97 /* PBXContainerItemProxy */;
		};
		9F656E9B1C8BC20A00D27A97 /* PBXTargetDependency */ = {
			isa = PBXTargetDependency;
			target = 9F656E741C8BC20A00D27A97 /* OC_Photos */;
			targetProxy = 9F656E9A1C8BC20A00D27A97 /* PBXContainerItemProxy */;
		};
/* End PBXTargetDependency section */

/* Begin PBXVariantGroup section */
		9F656E811C8BC20A00D27A97 /* Main.storyboard */ = {
			isa = PBXVariantGroup;
			children = (
				9F656E821C8BC20A00D27A97 /* Base */,
			);
			name = Main.storyboard;
			sourceTree = "<group>";
		};
		9F656E861C8BC20A00D27A97 /* LaunchScreen.storyboard */ = {
			isa = PBXVariantGroup;
			children = (
				9F656E871C8BC20A00D27A97 /* Base */,
			);
			name = LaunchScreen.storyboard;
			sourceTree = "<group>";
		};
/* End PBXVariantGroup section */

/* Begin XCBuildConfiguration section */
		9F656EA01C8BC20A00D27A97 /* Debug */ = {
			isa = XCBuildConfiguration;
			buildSettings = {
				ALWAYS_SEARCH_USER_PATHS = NO;
				CLANG_CXX_LANGUAGE_STANDARD = "gnu++0x";
				CLANG_CXX_LIBRARY = "libc++";
				CLANG_ENABLE_MODULES = YES;
				CLANG_ENABLE_OBJC_ARC = YES;
				CLANG_WARN_BOOL_CONVERSION = YES;
				CLANG_WARN_CONSTANT_CONVERSION = YES;
				CLANG_WARN_DIRECT_OBJC_ISA_USAGE = YES_ERROR;
				CLANG_WARN_EMPTY_BODY = YES;
				CLANG_WARN_ENUM_CONVERSION = YES;
				CLANG_WARN_INT_CONVERSION = YES;
				CLANG_WARN_OBJC_ROOT_CLASS = YES_ERROR;
				CLANG_WARN_UNREACHABLE_CODE = YES;
				CLANG_WARN__DUPLICATE_METHOD_MATCH = YES;
				"CODE_SIGN_IDENTITY[sdk=iphoneos*]" = "iPhone Developer";
				COPY_PHASE_STRIP = NO;
				DEBUG_INFORMATION_FORMAT = dwarf;
				ENABLE_STRICT_OBJC_MSGSEND = YES;
				ENABLE_TESTABILITY = YES;
				GCC_C_LANGUAGE_STANDARD = gnu99;
				GCC_DYNAMIC_NO_PIC = NO;
				GCC_NO_COMMON_BLOCKS = YES;
				GCC_OPTIMIZATION_LEVEL = 0;
				GCC_PREPROCESSOR_DEFINITIONS = (
					"DEBUG=1",
					"$(inherited)",
				);
				GCC_WARN_64_TO_32_BIT_CONVERSION = YES;
				GCC_WARN_ABOUT_RETURN_TYPE = YES_ERROR;
				GCC_WARN_UNDECLARED_SELECTOR = YES;
				GCC_WARN_UNINITIALIZED_AUTOS = YES_AGGRESSIVE;
				GCC_WARN_UNUSED_FUNCTION = YES;
				GCC_WARN_UNUSED_VARIABLE = YES;
				IPHONEOS_DEPLOYMENT_TARGET = 9.2;
				MTL_ENABLE_DEBUG_INFO = YES;
				ONLY_ACTIVE_ARCH = YES;
				SDKROOT = iphoneos;
			};
			name = Debug;
		};
		9F656EA11C8BC20A00D27A97 /* Release */ = {
			isa = XCBuildConfiguration;
			buildSettings = {
				ALWAYS_SEARCH_USER_PATHS = NO;
				CLANG_CXX_LANGUAGE_STANDARD = "gnu++0x";
				CLANG_CXX_LIBRARY = "libc++";
				CLANG_ENABLE_MODULES = YES;
				CLANG_ENABLE_OBJC_ARC = YES;
				CLANG_WARN_BOOL_CONVERSION = YES;
				CLANG_WARN_CONSTANT_CONVERSION = YES;
				CLANG_WARN_DIRECT_OBJC_ISA_USAGE = YES_ERROR;
				CLANG_WARN_EMPTY_BODY = YES;
				CLANG_WARN_ENUM_CONVERSION = YES;
				CLANG_WARN_INT_CONVERSION = YES;
				CLANG_WARN_OBJC_ROOT_CLASS = YES_ERROR;
				CLANG_WARN_UNREACHABLE_CODE = YES;
				CLANG_WARN__DUPLICATE_METHOD_MATCH = YES;
				"CODE_SIGN_IDENTITY[sdk=iphoneos*]" = "iPhone Developer";
				COPY_PHASE_STRIP = NO;
				DEBUG_INFORMATION_FORMAT = "dwarf-with-dsym";
				ENABLE_NS_ASSERTIONS = NO;
				ENABLE_STRICT_OBJC_MSGSEND = YES;
				GCC_C_LANGUAGE_STANDARD = gnu99;
				GCC_NO_COMMON_BLOCKS = YES;
				GCC_WARN_64_TO_32_BIT_CONVERSION = YES;
				GCC_WARN_ABOUT_RETURN_TYPE = YES_ERROR;
				GCC_WARN_UNDECLARED_SELECTOR = YES;
				GCC_WARN_UNINITIALIZED_AUTOS = YES_AGGRESSIVE;
				GCC_WARN_UNUSED_FUNCTION = YES;
				GCC_WARN_UNUSED_VARIABLE = YES;
				IPHONEOS_DEPLOYMENT_TARGET = 9.2;
				MTL_ENABLE_DEBUG_INFO = NO;
				SDKROOT = iphoneos;
				VALIDATE_PRODUCT = YES;
			};
			name = Release;
		};
		9F656EA31C8BC20A00D27A97 /* Debug */ = {
			isa = XCBuildConfiguration;
			buildSettings = {
				ASSETCATALOG_COMPILER_APPICON_NAME = AppIcon;
				GCC_PRECOMPILE_PREFIX_HEADER = YES;
				GCC_PREFIX_HEADER = /Users/liqingbin/Desktop/gitHub/OC_Photos/OC_Photos/Header.h;
				INFOPLIST_FILE = OC_Photos/Info.plist;
				IPHONEOS_DEPLOYMENT_TARGET = 8.0;
				LD_RUNPATH_SEARCH_PATHS = "$(inherited) @executable_path/Frameworks";
				PRODUCT_BUNDLE_IDENTIFIER = "LQB.OC-Photos";
				PRODUCT_NAME = "$(TARGET_NAME)";
			};
			name = Debug;
		};
		9F656EA41C8BC20A00D27A97 /* Release */ = {
			isa = XCBuildConfiguration;
			buildSettings = {
				ASSETCATALOG_COMPILER_APPICON_NAME = AppIcon;
				GCC_PRECOMPILE_PREFIX_HEADER = YES;
				GCC_PREFIX_HEADER = /Users/liqingbin/Desktop/gitHub/OC_Photos/OC_Photos/Header.h;
				INFOPLIST_FILE = OC_Photos/Info.plist;
				IPHONEOS_DEPLOYMENT_TARGET = 8.0;
				LD_RUNPATH_SEARCH_PATHS = "$(inherited) @executable_path/Frameworks";
				PRODUCT_BUNDLE_IDENTIFIER = "LQB.OC-Photos";
				PRODUCT_NAME = "$(TARGET_NAME)";
			};
			name = Release;
		};
		9F656EA61C8BC20A00D27A97 /* Debug */ = {
			isa = XCBuildConfiguration;
			buildSettings = {
				BUNDLE_LOADER = "$(TEST_HOST)";
				INFOPLIST_FILE = OC_PhotosTests/Info.plist;
				LD_RUNPATH_SEARCH_PATHS = "$(inherited) @executable_path/Frameworks @loader_path/Frameworks";
				PRODUCT_BUNDLE_IDENTIFIER = "LQB.OC-PhotosTests";
				PRODUCT_NAME = "$(TARGET_NAME)";
				TEST_HOST = "$(BUILT_PRODUCTS_DIR)/OC_Photos.app/OC_Photos";
			};
			name = Debug;
		};
		9F656EA71C8BC20A00D27A97 /* Release */ = {
			isa = XCBuildConfiguration;
			buildSettings = {
				BUNDLE_LOADER = "$(TEST_HOST)";
				INFOPLIST_FILE = OC_PhotosTests/Info.plist;
				LD_RUNPATH_SEARCH_PATHS = "$(inherited) @executable_path/Frameworks @loader_path/Frameworks";
				PRODUCT_BUNDLE_IDENTIFIER = "LQB.OC-PhotosTests";
				PRODUCT_NAME = "$(TARGET_NAME)";
				TEST_HOST = "$(BUILT_PRODUCTS_DIR)/OC_Photos.app/OC_Photos";
			};
			name = Release;
		};
		9F656EA91C8BC20A00D27A97 /* Debug */ = {
			isa = XCBuildConfiguration;
			buildSettings = {
				INFOPLIST_FILE = OC_PhotosUITests/Info.plist;
				LD_RUNPATH_SEARCH_PATHS = "$(inherited) @executable_path/Frameworks @loader_path/Frameworks";
				PRODUCT_BUNDLE_IDENTIFIER = "LQB.OC-PhotosUITests";
				PRODUCT_NAME = "$(TARGET_NAME)";
				TEST_TARGET_NAME = OC_Photos;
				USES_XCTRUNNER = YES;
			};
			name = Debug;
		};
		9F656EAA1C8BC20A00D27A97 /* Release */ = {
			isa = XCBuildConfiguration;
			buildSettings = {
				INFOPLIST_FILE = OC_PhotosUITests/Info.plist;
				LD_RUNPATH_SEARCH_PATHS = "$(inherited) @executable_path/Frameworks @loader_path/Frameworks";
				PRODUCT_BUNDLE_IDENTIFIER = "LQB.OC-PhotosUITests";
				PRODUCT_NAME = "$(TARGET_NAME)";
				TEST_TARGET_NAME = OC_Photos;
				USES_XCTRUNNER = YES;
			};
			name = Release;
		};
/* End XCBuildConfiguration section */

/* Begin XCConfigurationList section */
		9F656E701C8BC20A00D27A97 /* Build configuration list for PBXProject "OC_Photos" */ = {
			isa = XCConfigurationList;
			buildConfigurations = (
				9F656EA01C8BC20A00D27A97 /* Debug */,
				9F656EA11C8BC20A00D27A97 /* Release */,
			);
			defaultConfigurationIsVisible = 0;
			defaultConfigurationName = Release;
		};
		9F656EA21C8BC20A00D27A97 /* Build configuration list for PBXNativeTarget "OC_Photos" */ = {
			isa = XCConfigurationList;
			buildConfigurations = (
				9F656EA31C8BC20A00D27A97 /* Debug */,
				9F656EA41C8BC20A00D27A97 /* Release */,
			);
			defaultConfigurationIsVisible = 0;
			defaultConfigurationName = Release;
		};
		9F656EA51C8BC20A00D27A97 /* Build configuration list for PBXNativeTarget "OC_PhotosTests" */ = {
			isa = XCConfigurationList;
			buildConfigurations = (
				9F656EA61C8BC20A00D27A97 /* Debug */,
				9F656EA71C8BC20A00D27A97 /* Release */,
			);
			defaultConfigurationIsVisible = 0;
			defaultConfigurationName = Release;
		};
		9F656EA81C8BC20A00D27A97 /* Build configuration list for PBXNativeTarget "OC_PhotosUITests" */ = {
			isa = XCConfigurationList;
			buildConfigurations = (
				9F656EA91C8BC20A00D27A97 /* Debug */,
				9F656EAA1C8BC20A00D27A97 /* Release */,
			);
			defaultConfigurationIsVisible = 0;
			defaultConfigurationName = Release;
		};
/* End XCConfigurationList section */
	};
	rootObject = 9F656E6D1C8BC20A00D27A97 /* Project object */;
}
